{
  "version": 4,
  "terraform_version": "1.12.2",
  "serial": 40,
  "lineage": "dec63a7e-0df0-4a31-31f4-23c6bb10451f",
  "outputs": {
    "vm_names": {
      "value": [
        "vm-00",
        "vm-01",
        "vm-02"
      ],
      "type": [
        "tuple",
        [
          "string",
          "string",
          "string"
        ]
      ]
    },
    "vm_public_ips": {
      "value": [
        "74.235.22.84"
      ],
      "type": [
        "tuple",
        [
          "string"
        ]
      ]
    }
  },
  "resources": [
    {
      "mode": "managed",
      "type": "azurerm_linux_virtual_machine",
      "name": "vm",
      "provider": "provider[\"registry.terraform.io/hashicorp/azurerm\"]",
      "instances": [
        {
          "index_key": 0,
          "schema_version": 0,
          "attributes": {
            "additional_capabilities": [],
            "admin_password": null,
            "admin_ssh_key": [
              {
                "public_key": "ssh-rsa AAAAB3NzaC1yc2EAAAADAQABAAACAQC/jkgUXbltIC/LtdKghWI2fmQgBpA96qZvIRdVfis7mjnmLCEynhsg94AfzE5PR/4HVAY8WkzuCUrrdWAzXQ1Uy7awsFMmoeOViUEgQRrXeeiI67BapBq4zLbA9spmg2Gms/Avlb0nTHngUmx2xGJgeLLHIXQ/GuwkEep/i8ib9RPTviptC0VEsQdBHNLIUh52cYn0FE9iNgUDXVq3EoOoTbCd94UJetg9bw/WCGcPfbWsVRfBmcWooI+aMIp5Jvmq0BQ0YJIsnQwiz8A5pAxUDK9KS8xuPXJpYMYf9ZiwTgE/jEFU+KKOEqjDfV8qZkuvAUxjJ9dKnQQ4zxjbnBY+4wxuvBAgmnC20qJEfoXGN1Rr5a4zt9SUNENpv8PJeK2/3x/6xdb1KfVHEMugv6LK5gBlWDU2FKlLb0FG/LXUSRF2Ou4SCDk5TqYKr68nsolB0JEF11SCq+4cKTebH+oqlzayfqsUR6n7s2VGmPl7mMPVDD2KB/ioXaeBx3kTmHR9nKCEHrVMjcZ5JJGWeTSteTVK90wsQswR8xsarXqyGGTVaWWrdZvODVRPHofzftF1mislbOrMHwaAygEczA0Kpi0Cw8+mWl39XXm+VD/xnylbLKI0MBBapydhcK48tluMQw8AR9isaCbabOl2im01RFx9ViBY0UL+kS0kbMSzjQ== devops-task2\n",
                "username": "vetrax"
              }
            ],
            "admin_username": "vetrax",
            "allow_extension_operations": true,
            "availability_set_id": "",
            "boot_diagnostics": [],
            "bypass_platform_safety_checks_on_user_schedule_enabled": false,
            "capacity_reservation_group_id": "",
            "computer_name": "vm-00",
            "custom_data": null,
            "dedicated_host_group_id": "",
            "dedicated_host_id": "",
            "disable_password_authentication": true,
            "disk_controller_type": "",
            "edge_zone": "",
            "encryption_at_host_enabled": false,
            "eviction_policy": "",
            "extensions_time_budget": "PT1H30M",
            "gallery_application": [],
            "id": "/subscriptions/e73461ec-3e0a-4176-aa35-2c15145f69d1/resourceGroups/my-lb-group/providers/Microsoft.Compute/virtualMachines/vm-00",
            "identity": [],
            "license_type": "",
            "location": "eastus",
            "max_bid_price": -1,
            "name": "vm-00",
            "network_interface_ids": [
              "/subscriptions/e73461ec-3e0a-4176-aa35-2c15145f69d1/resourceGroups/my-lb-group/providers/Microsoft.Network/networkInterfaces/vm-nic-0"
            ],
            "os_disk": [
              {
                "caching": "ReadWrite",
                "diff_disk_settings": [],
                "disk_encryption_set_id": "",
                "disk_size_gb": 30,
                "name": "osdisk-vm-0",
                "secure_vm_disk_encryption_set_id": "",
                "security_encryption_type": "",
                "storage_account_type": "Standard_LRS",
                "write_accelerator_enabled": false
              }
            ],
            "os_image_notification": [],
            "patch_assessment_mode": "ImageDefault",
            "patch_mode": "ImageDefault",
            "plan": [],
            "platform_fault_domain": -1,
            "priority": "Regular",
            "private_ip_address": "192.168.1.8",
            "private_ip_addresses": [
              "192.168.1.8"
            ],
            "provision_vm_agent": true,
            "proximity_placement_group_id": "",
            "public_ip_address": "74.235.22.84",
            "public_ip_addresses": [
              "74.235.22.84"
            ],
            "reboot_setting": "",
            "resource_group_name": "my-lb-group",
            "secret": [],
            "secure_boot_enabled": false,
            "size": "Standard_B1s",
            "source_image_id": "",
            "source_image_reference": [
              {
                "offer": "0001-com-ubuntu-server-jammy",
                "publisher": "Canonical",
                "sku": "22_04-lts",
                "version": "latest"
              }
            ],
            "tags": {
              "Environment": "dev",
              "Function": "LoadBalancer",
              "Role": "devops-task2"
            },
            "termination_notification": [],
            "timeouts": null,
            "user_data": "",
            "virtual_machine_id": "87c20c69-cc9d-4ec9-a124-de91bc42e394",
            "virtual_machine_scale_set_id": "",
            "vm_agent_platform_updates_enabled": false,
            "vtpm_enabled": false,
            "zone": ""
          },
          "sensitive_attributes": [
            [
              {
                "type": "get_attr",
                "value": "admin_password"
              }
            ],
            [
              {
                "type": "get_attr",
                "value": "custom_data"
              }
            ]
          ],
          "identity_schema_version": 0,
          "private": "eyJlMmJmYjczMC1lY2FhLTExZTYtOGY4OC0zNDM2M2JjN2M0YzAiOnsiY3JlYXRlIjoyNzAwMDAwMDAwMDAwLCJkZWxldGUiOjI3MDAwMDAwMDAwMDAsInJlYWQiOjMwMDAwMDAwMDAwMCwidXBkYXRlIjoyNzAwMDAwMDAwMDAwfX0=",
          "dependencies": [
            "azurerm_network_interface.vm",
            "azurerm_public_ip.vm",
            "azurerm_resource_group.main",
            "azurerm_subnet.main",
            "azurerm_virtual_network.main"
          ]
        },
        {
          "index_key": 1,
          "schema_version": 0,
          "attributes": {
            "additional_capabilities": [],
            "admin_password": null,
            "admin_ssh_key": [
              {
                "public_key": "ssh-rsa AAAAB3NzaC1yc2EAAAADAQABAAACAQC/jkgUXbltIC/LtdKghWI2fmQgBpA96qZvIRdVfis7mjnmLCEynhsg94AfzE5PR/4HVAY8WkzuCUrrdWAzXQ1Uy7awsFMmoeOViUEgQRrXeeiI67BapBq4zLbA9spmg2Gms/Avlb0nTHngUmx2xGJgeLLHIXQ/GuwkEep/i8ib9RPTviptC0VEsQdBHNLIUh52cYn0FE9iNgUDXVq3EoOoTbCd94UJetg9bw/WCGcPfbWsVRfBmcWooI+aMIp5Jvmq0BQ0YJIsnQwiz8A5pAxUDK9KS8xuPXJpYMYf9ZiwTgE/jEFU+KKOEqjDfV8qZkuvAUxjJ9dKnQQ4zxjbnBY+4wxuvBAgmnC20qJEfoXGN1Rr5a4zt9SUNENpv8PJeK2/3x/6xdb1KfVHEMugv6LK5gBlWDU2FKlLb0FG/LXUSRF2Ou4SCDk5TqYKr68nsolB0JEF11SCq+4cKTebH+oqlzayfqsUR6n7s2VGmPl7mMPVDD2KB/ioXaeBx3kTmHR9nKCEHrVMjcZ5JJGWeTSteTVK90wsQswR8xsarXqyGGTVaWWrdZvODVRPHofzftF1mislbOrMHwaAygEczA0Kpi0Cw8+mWl39XXm+VD/xnylbLKI0MBBapydhcK48tluMQw8AR9isaCbabOl2im01RFx9ViBY0UL+kS0kbMSzjQ== devops-task2\n",
                "username": "vetrax"
              }
            ],
            "admin_username": "vetrax",
            "allow_extension_operations": true,
            "availability_set_id": "",
            "boot_diagnostics": [],
            "bypass_platform_safety_checks_on_user_schedule_enabled": false,
            "capacity_reservation_group_id": "",
            "computer_name": "vm-01",
            "custom_data": null,
            "dedicated_host_group_id": "",
            "dedicated_host_id": "",
            "disable_password_authentication": true,
            "disk_controller_type": "",
            "edge_zone": "",
            "encryption_at_host_enabled": false,
            "eviction_policy": "",
            "extensions_time_budget": "PT1H30M",
            "gallery_application": [],
            "id": "/subscriptions/e73461ec-3e0a-4176-aa35-2c15145f69d1/resourceGroups/my-lb-group/providers/Microsoft.Compute/virtualMachines/vm-01",
            "identity": [],
            "license_type": "",
            "location": "eastus",
            "max_bid_price": -1,
            "name": "vm-01",
            "network_interface_ids": [
              "/subscriptions/e73461ec-3e0a-4176-aa35-2c15145f69d1/resourceGroups/my-lb-group/providers/Microsoft.Network/networkInterfaces/vm-nic-1"
            ],
            "os_disk": [
              {
                "caching": "ReadWrite",
                "diff_disk_settings": [],
                "disk_encryption_set_id": "",
                "disk_size_gb": 30,
                "name": "osdisk-vm-1",
                "secure_vm_disk_encryption_set_id": "",
                "security_encryption_type": "",
                "storage_account_type": "Standard_LRS",
                "write_accelerator_enabled": false
              }
            ],
            "os_image_notification": [],
            "patch_assessment_mode": "ImageDefault",
            "patch_mode": "ImageDefault",
            "plan": [],
            "platform_fault_domain": -1,
            "priority": "Regular",
            "private_ip_address": "192.168.1.6",
            "private_ip_addresses": [
              "192.168.1.6"
            ],
            "provision_vm_agent": true,
            "proximity_placement_group_id": "",
            "public_ip_address": "",
            "public_ip_addresses": [],
            "reboot_setting": "",
            "resource_group_name": "my-lb-group",
            "secret": [],
            "secure_boot_enabled": false,
            "size": "Standard_B1s",
            "source_image_id": "",
            "source_image_reference": [
              {
                "offer": "0001-com-ubuntu-server-jammy",
                "publisher": "Canonical",
                "sku": "22_04-lts",
                "version": "latest"
              }
            ],
            "tags": {
              "Environment": "dev",
              "Function": "AppServer",
              "Role": "devops-task2"
            },
            "termination_notification": null,
            "timeouts": null,
            "user_data": "",
            "virtual_machine_id": "9b051a0f-fbbb-4770-81a6-604691877123",
            "virtual_machine_scale_set_id": "",
            "vm_agent_platform_updates_enabled": false,
            "vtpm_enabled": false,
            "zone": ""
          },
          "sensitive_attributes": [
            [
              {
                "type": "get_attr",
                "value": "admin_password"
              }
            ],
            [
              {
                "type": "get_attr",
                "value": "custom_data"
              }
            ]
          ],
          "identity_schema_version": 0,
          "private": "eyJlMmJmYjczMC1lY2FhLTExZTYtOGY4OC0zNDM2M2JjN2M0YzAiOnsiY3JlYXRlIjoyNzAwMDAwMDAwMDAwLCJkZWxldGUiOjI3MDAwMDAwMDAwMDAsInJlYWQiOjMwMDAwMDAwMDAwMCwidXBkYXRlIjoyNzAwMDAwMDAwMDAwfX0=",
          "dependencies": [
            "azurerm_network_interface.vm",
            "azurerm_public_ip.vm",
            "azurerm_resource_group.main",
            "azurerm_subnet.main",
            "azurerm_virtual_network.main"
          ]
        },
        {
          "index_key": 2,
          "schema_version": 0,
          "attributes": {
            "additional_capabilities": [],
            "admin_password": null,
            "admin_ssh_key": [
              {
                "public_key": "ssh-rsa AAAAB3NzaC1yc2EAAAADAQABAAACAQC/jkgUXbltIC/LtdKghWI2fmQgBpA96qZvIRdVfis7mjnmLCEynhsg94AfzE5PR/4HVAY8WkzuCUrrdWAzXQ1Uy7awsFMmoeOViUEgQRrXeeiI67BapBq4zLbA9spmg2Gms/Avlb0nTHngUmx2xGJgeLLHIXQ/GuwkEep/i8ib9RPTviptC0VEsQdBHNLIUh52cYn0FE9iNgUDXVq3EoOoTbCd94UJetg9bw/WCGcPfbWsVRfBmcWooI+aMIp5Jvmq0BQ0YJIsnQwiz8A5pAxUDK9KS8xuPXJpYMYf9ZiwTgE/jEFU+KKOEqjDfV8qZkuvAUxjJ9dKnQQ4zxjbnBY+4wxuvBAgmnC20qJEfoXGN1Rr5a4zt9SUNENpv8PJeK2/3x/6xdb1KfVHEMugv6LK5gBlWDU2FKlLb0FG/LXUSRF2Ou4SCDk5TqYKr68nsolB0JEF11SCq+4cKTebH+oqlzayfqsUR6n7s2VGmPl7mMPVDD2KB/ioXaeBx3kTmHR9nKCEHrVMjcZ5JJGWeTSteTVK90wsQswR8xsarXqyGGTVaWWrdZvODVRPHofzftF1mislbOrMHwaAygEczA0Kpi0Cw8+mWl39XXm+VD/xnylbLKI0MBBapydhcK48tluMQw8AR9isaCbabOl2im01RFx9ViBY0UL+kS0kbMSzjQ== devops-task2\n",
                "username": "vetrax"
              }
            ],
            "admin_username": "vetrax",
            "allow_extension_operations": true,
            "availability_set_id": "",
            "boot_diagnostics": [],
            "bypass_platform_safety_checks_on_user_schedule_enabled": false,
            "capacity_reservation_group_id": "",
            "computer_name": "vm-02",
            "custom_data": null,
            "dedicated_host_group_id": "",
            "dedicated_host_id": "",
            "disable_password_authentication": true,
            "disk_controller_type": "",
            "edge_zone": "",
            "encryption_at_host_enabled": false,
            "eviction_policy": "",
            "extensions_time_budget": "PT1H30M",
            "gallery_application": [],
            "id": "/subscriptions/e73461ec-3e0a-4176-aa35-2c15145f69d1/resourceGroups/my-lb-group/providers/Microsoft.Compute/virtualMachines/vm-02",
            "identity": [],
            "license_type": "",
            "location": "eastus",
            "max_bid_price": -1,
            "name": "vm-02",
            "network_interface_ids": [
              "/subscriptions/e73461ec-3e0a-4176-aa35-2c15145f69d1/resourceGroups/my-lb-group/providers/Microsoft.Network/networkInterfaces/vm-nic-2"
            ],
            "os_disk": [
              {
                "caching": "ReadWrite",
                "diff_disk_settings": [],
                "disk_encryption_set_id": "",
                "disk_size_gb": 30,
                "name": "osdisk-vm-2",
                "secure_vm_disk_encryption_set_id": "",
                "security_encryption_type": "",
                "storage_account_type": "Standard_LRS",
                "write_accelerator_enabled": false
              }
            ],
            "os_image_notification": [],
            "patch_assessment_mode": "ImageDefault",
            "patch_mode": "ImageDefault",
            "plan": [],
            "platform_fault_domain": -1,
            "priority": "Regular",
            "private_ip_address": "192.168.1.5",
            "private_ip_addresses": [
              "192.168.1.5"
            ],
            "provision_vm_agent": true,
            "proximity_placement_group_id": "",
            "public_ip_address": "",
            "public_ip_addresses": [],
            "reboot_setting": "",
            "resource_group_name": "my-lb-group",
            "secret": [],
            "secure_boot_enabled": false,
            "size": "Standard_B1s",
            "source_image_id": "",
            "source_image_reference": [
              {
                "offer": "0001-com-ubuntu-server-jammy",
                "publisher": "Canonical",
                "sku": "22_04-lts",
                "version": "latest"
              }
            ],
            "tags": {
              "Environment": "dev",
              "Function": "AppServer",
              "Role": "devops-task2"
            },
            "termination_notification": null,
            "timeouts": null,
            "user_data": "",
            "virtual_machine_id": "eb7fb6fd-de9a-4c45-b194-f75909ebce48",
            "virtual_machine_scale_set_id": "",
            "vm_agent_platform_updates_enabled": false,
            "vtpm_enabled": false,
            "zone": ""
          },
          "sensitive_attributes": [
            [
              {
                "type": "get_attr",
                "value": "admin_password"
              }
            ],
            [
              {
                "type": "get_attr",
                "value": "custom_data"
              }
            ]
          ],
          "identity_schema_version": 0,
          "private": "eyJlMmJmYjczMC1lY2FhLTExZTYtOGY4OC0zNDM2M2JjN2M0YzAiOnsiY3JlYXRlIjoyNzAwMDAwMDAwMDAwLCJkZWxldGUiOjI3MDAwMDAwMDAwMDAsInJlYWQiOjMwMDAwMDAwMDAwMCwidXBkYXRlIjoyNzAwMDAwMDAwMDAwfX0=",
          "dependencies": [
            "azurerm_network_interface.vm",
            "azurerm_public_ip.vm",
            "azurerm_resource_group.main",
            "azurerm_subnet.main",
            "azurerm_virtual_network.main"
          ]
        }
      ]
    },
    {
      "mode": "managed",
      "type": "azurerm_network_interface",
      "name": "vm",
      "provider": "provider[\"registry.terraform.io/hashicorp/azurerm\"]",
      "instances": [
        {
          "index_key": 0,
          "schema_version": 0,
          "attributes": {
            "accelerated_networking_enabled": false,
            "applied_dns_servers": [],
            "auxiliary_mode": "",
            "auxiliary_sku": "",
            "dns_servers": [],
            "edge_zone": "",
            "enable_accelerated_networking": false,
            "enable_ip_forwarding": false,
            "id": "/subscriptions/e73461ec-3e0a-4176-aa35-2c15145f69d1/resourceGroups/my-lb-group/providers/Microsoft.Network/networkInterfaces/vm-nic-0",
            "internal_dns_name_label": "",
            "internal_domain_name_suffix": "crqdnazduvmu3gs332235jb3ef.bx.internal.cloudapp.net",
            "ip_configuration": [
              {
                "gateway_load_balancer_frontend_ip_configuration_id": "",
                "name": "internal",
                "primary": true,
                "private_ip_address": "192.168.1.8",
                "private_ip_address_allocation": "Dynamic",
                "private_ip_address_version": "IPv4",
                "public_ip_address_id": "/subscriptions/e73461ec-3e0a-4176-aa35-2c15145f69d1/resourceGroups/my-lb-group/providers/Microsoft.Network/publicIPAddresses/vm-pip-0",
                "subnet_id": "/subscriptions/e73461ec-3e0a-4176-aa35-2c15145f69d1/resourceGroups/my-lb-group/providers/Microsoft.Network/virtualNetworks/main-vnet/subnets/main-subnet"
              }
            ],
            "ip_forwarding_enabled": false,
            "location": "eastus",
            "mac_address": "7C-1E-52-15-79-23",
            "name": "vm-nic-0",
            "private_ip_address": "192.168.1.8",
            "private_ip_addresses": [
              "192.168.1.8"
            ],
            "resource_group_name": "my-lb-group",
            "tags": {},
            "timeouts": null,
            "virtual_machine_id": "/subscriptions/e73461ec-3e0a-4176-aa35-2c15145f69d1/resourceGroups/my-lb-group/providers/Microsoft.Compute/virtualMachines/vm-00"
          },
          "sensitive_attributes": [],
          "identity_schema_version": 0,
          "private": "eyJlMmJmYjczMC1lY2FhLTExZTYtOGY4OC0zNDM2M2JjN2M0YzAiOnsiY3JlYXRlIjoxODAwMDAwMDAwMDAwLCJkZWxldGUiOjE4MDAwMDAwMDAwMDAsInJlYWQiOjMwMDAwMDAwMDAwMCwidXBkYXRlIjoxODAwMDAwMDAwMDAwfX0=",
          "dependencies": [
            "azurerm_public_ip.vm",
            "azurerm_resource_group.main",
            "azurerm_subnet.main",
            "azurerm_virtual_network.main"
          ]
        },
        {
          "index_key": 1,
          "schema_version": 0,
          "attributes": {
            "accelerated_networking_enabled": false,
            "applied_dns_servers": [],
            "auxiliary_mode": "",
            "auxiliary_sku": "",
            "dns_servers": [],
            "edge_zone": "",
            "enable_accelerated_networking": false,
            "enable_ip_forwarding": false,
            "id": "/subscriptions/e73461ec-3e0a-4176-aa35-2c15145f69d1/resourceGroups/my-lb-group/providers/Microsoft.Network/networkInterfaces/vm-nic-1",
            "internal_dns_name_label": "",
            "internal_domain_name_suffix": "crqdnazduvmu3gs332235jb3ef.bx.internal.cloudapp.net",
            "ip_configuration": [
              {
                "gateway_load_balancer_frontend_ip_configuration_id": "",
                "name": "internal",
                "primary": true,
                "private_ip_address": "192.168.1.6",
                "private_ip_address_allocation": "Dynamic",
                "private_ip_address_version": "IPv4",
                "public_ip_address_id": "",
                "subnet_id": "/subscriptions/e73461ec-3e0a-4176-aa35-2c15145f69d1/resourceGroups/my-lb-group/providers/Microsoft.Network/virtualNetworks/main-vnet/subnets/main-subnet"
              }
            ],
            "ip_forwarding_enabled": false,
            "location": "eastus",
            "mac_address": "",
            "name": "vm-nic-1",
            "private_ip_address": "192.168.1.6",
            "private_ip_addresses": [
              "192.168.1.6"
            ],
            "resource_group_name": "my-lb-group",
            "tags": {},
            "timeouts": null,
            "virtual_machine_id": ""
          },
          "sensitive_attributes": [],
          "identity_schema_version": 0,
          "private": "eyJlMmJmYjczMC1lY2FhLTExZTYtOGY4OC0zNDM2M2JjN2M0YzAiOnsiY3JlYXRlIjoxODAwMDAwMDAwMDAwLCJkZWxldGUiOjE4MDAwMDAwMDAwMDAsInJlYWQiOjMwMDAwMDAwMDAwMCwidXBkYXRlIjoxODAwMDAwMDAwMDAwfX0=",
          "dependencies": [
            "azurerm_public_ip.vm",
            "azurerm_resource_group.main",
            "azurerm_subnet.main",
            "azurerm_virtual_network.main"
          ]
        },
        {
          "index_key": 2,
          "schema_version": 0,
          "attributes": {
            "accelerated_networking_enabled": false,
            "applied_dns_servers": [],
            "auxiliary_mode": "",
            "auxiliary_sku": "",
            "dns_servers": [],
            "edge_zone": "",
            "enable_accelerated_networking": false,
            "enable_ip_forwarding": false,
            "id": "/subscriptions/e73461ec-3e0a-4176-aa35-2c15145f69d1/resourceGroups/my-lb-group/providers/Microsoft.Network/networkInterfaces/vm-nic-2",
            "internal_dns_name_label": "",
            "internal_domain_name_suffix": "crqdnazduvmu3gs332235jb3ef.bx.internal.cloudapp.net",
            "ip_configuration": [
              {
                "gateway_load_balancer_frontend_ip_configuration_id": "",
                "name": "internal",
                "primary": true,
                "private_ip_address": "192.168.1.5",
                "private_ip_address_allocation": "Dynamic",
                "private_ip_address_version": "IPv4",
                "public_ip_address_id": "",
                "subnet_id": "/subscriptions/e73461ec-3e0a-4176-aa35-2c15145f69d1/resourceGroups/my-lb-group/providers/Microsoft.Network/virtualNetworks/main-vnet/subnets/main-subnet"
              }
            ],
            "ip_forwarding_enabled": false,
            "location": "eastus",
            "mac_address": "",
            "name": "vm-nic-2",
            "private_ip_address": "192.168.1.5",
            "private_ip_addresses": [
              "192.168.1.5"
            ],
            "resource_group_name": "my-lb-group",
            "tags": {},
            "timeouts": null,
            "virtual_machine_id": ""
          },
          "sensitive_attributes": [],
          "identity_schema_version": 0,
          "private": "eyJlMmJmYjczMC1lY2FhLTExZTYtOGY4OC0zNDM2M2JjN2M0YzAiOnsiY3JlYXRlIjoxODAwMDAwMDAwMDAwLCJkZWxldGUiOjE4MDAwMDAwMDAwMDAsInJlYWQiOjMwMDAwMDAwMDAwMCwidXBkYXRlIjoxODAwMDAwMDAwMDAwfX0=",
          "dependencies": [
            "azurerm_public_ip.vm",
            "azurerm_resource_group.main",
            "azurerm_subnet.main",
            "azurerm_virtual_network.main"
          ]
        }
      ]
    },
    {
      "mode": "managed",
      "type": "azurerm_network_security_group",
      "name": "main",
      "provider": "provider[\"registry.terraform.io/hashicorp/azurerm\"]",
      "instances": [
        {
          "schema_version": 0,
          "attributes": {
            "id": "/subscriptions/e73461ec-3e0a-4176-aa35-2c15145f69d1/resourceGroups/my-lb-group/providers/Microsoft.Network/networkSecurityGroups/main-nsg",
            "location": "eastus",
            "name": "main-nsg",
            "resource_group_name": "my-lb-group",
            "security_rule": [
              {
                "access": "Allow",
                "description": "",
                "destination_address_prefix": "*",
                "destination_address_prefixes": [],
                "destination_application_security_group_ids": [],
                "destination_port_range": "22",
                "destination_port_ranges": [],
                "direction": "Inbound",
                "name": "Allow-SSH",
                "priority": 1001,
                "protocol": "Tcp",
                "source_address_prefix": "*",
                "source_address_prefixes": [],
                "source_application_security_group_ids": [],
                "source_port_range": "*",
                "source_port_ranges": []
              },
              {
                "access": "Allow",
                "description": "",
                "destination_address_prefix": "*",
                "destination_address_prefixes": [],
                "destination_application_security_group_ids": [],
                "destination_port_range": "5000",
                "destination_port_ranges": [],
                "direction": "Inbound",
                "name": "Allow-Flask",
                "priority": 1003,
                "protocol": "Tcp",
                "source_address_prefix": "*",
                "source_address_prefixes": [],
                "source_application_security_group_ids": [],
                "source_port_range": "*",
                "source_port_ranges": []
              },
              {
                "access": "Allow",
                "description": "",
                "destination_address_prefix": "*",
                "destination_address_prefixes": [],
                "destination_application_security_group_ids": [],
                "destination_port_range": "80",
                "destination_port_ranges": [],
                "direction": "Inbound",
                "name": "Allow-HTTP",
                "priority": 1002,
                "protocol": "Tcp",
                "source_address_prefix": "*",
                "source_address_prefixes": [],
                "source_application_security_group_ids": [],
                "source_port_range": "*",
                "source_port_ranges": []
              }
            ],
            "tags": {},
            "timeouts": null
          },
          "sensitive_attributes": [],
          "identity_schema_version": 0,
          "private": "eyJlMmJmYjczMC1lY2FhLTExZTYtOGY4OC0zNDM2M2JjN2M0YzAiOnsiY3JlYXRlIjoxODAwMDAwMDAwMDAwLCJkZWxldGUiOjE4MDAwMDAwMDAwMDAsInJlYWQiOjMwMDAwMDAwMDAwMCwidXBkYXRlIjoxODAwMDAwMDAwMDAwfX0=",
          "dependencies": [
            "azurerm_resource_group.main"
          ]
        }
      ]
    },
    {
      "mode": "managed",
      "type": "azurerm_public_ip",
      "name": "vm",
      "provider": "provider[\"registry.terraform.io/hashicorp/azurerm\"]",
      "instances": [
        {
          "index_key": 0,
          "schema_version": 0,
          "attributes": {
            "allocation_method": "Static",
            "ddos_protection_mode": "VirtualNetworkInherited",
            "ddos_protection_plan_id": null,
            "domain_name_label": null,
            "edge_zone": "",
            "fqdn": null,
            "id": "/subscriptions/e73461ec-3e0a-4176-aa35-2c15145f69d1/resourceGroups/my-lb-group/providers/Microsoft.Network/publicIPAddresses/vm-pip-0",
            "idle_timeout_in_minutes": 4,
            "ip_address": "74.235.22.84",
            "ip_tags": {},
            "ip_version": "IPv4",
            "location": "eastus",
            "name": "vm-pip-0",
            "public_ip_prefix_id": null,
            "resource_group_name": "my-lb-group",
            "reverse_fqdn": null,
            "sku": "Standard",
            "sku_tier": "Regional",
            "tags": {},
            "timeouts": null,
            "zones": []
          },
          "sensitive_attributes": [],
          "identity_schema_version": 0,
          "private": "eyJlMmJmYjczMC1lY2FhLTExZTYtOGY4OC0zNDM2M2JjN2M0YzAiOnsiY3JlYXRlIjoxODAwMDAwMDAwMDAwLCJkZWxldGUiOjE4MDAwMDAwMDAwMDAsInJlYWQiOjMwMDAwMDAwMDAwMCwidXBkYXRlIjoxODAwMDAwMDAwMDAwfX0=",
          "dependencies": [
            "azurerm_resource_group.main"
          ]
        }
      ]
    },
    {
      "mode": "managed",
      "type": "azurerm_resource_group",
      "name": "main",
      "provider": "provider[\"registry.terraform.io/hashicorp/azurerm\"]",
      "instances": [
        {
          "schema_version": 0,
          "attributes": {
            "id": "/subscriptions/e73461ec-3e0a-4176-aa35-2c15145f69d1/resourceGroups/my-lb-group",
            "location": "eastus",
            "managed_by": "",
            "name": "my-lb-group",
            "tags": {},
            "timeouts": null
          },
          "sensitive_attributes": [],
          "identity_schema_version": 0,
          "private": "eyJlMmJmYjczMC1lY2FhLTExZTYtOGY4OC0zNDM2M2JjN2M0YzAiOnsiY3JlYXRlIjo1NDAwMDAwMDAwMDAwLCJkZWxldGUiOjU0MDAwMDAwMDAwMDAsInJlYWQiOjMwMDAwMDAwMDAwMCwidXBkYXRlIjo1NDAwMDAwMDAwMDAwfX0="
        }
      ]
    },
    {
      "mode": "managed",
      "type": "azurerm_subnet",
      "name": "main",
      "provider": "provider[\"registry.terraform.io/hashicorp/azurerm\"]",
      "instances": [
        {
          "schema_version": 0,
          "attributes": {
            "address_prefixes": [
              "192.168.1.0/24"
            ],
            "default_outbound_access_enabled": true,
            "delegation": [],
            "enforce_private_link_endpoint_network_policies": false,
            "enforce_private_link_service_network_policies": false,
            "id": "/subscriptions/e73461ec-3e0a-4176-aa35-2c15145f69d1/resourceGroups/my-lb-group/providers/Microsoft.Network/virtualNetworks/main-vnet/subnets/main-subnet",
            "name": "main-subnet",
            "private_endpoint_network_policies": "Enabled",
            "private_endpoint_network_policies_enabled": true,
            "private_link_service_network_policies_enabled": true,
            "resource_group_name": "my-lb-group",
            "service_endpoint_policy_ids": [],
            "service_endpoints": [],
            "timeouts": null,
            "virtual_network_name": "main-vnet"
          },
          "sensitive_attributes": [],
          "identity_schema_version": 0,
          "private": "eyJlMmJmYjczMC1lY2FhLTExZTYtOGY4OC0zNDM2M2JjN2M0YzAiOnsiY3JlYXRlIjoxODAwMDAwMDAwMDAwLCJkZWxldGUiOjE4MDAwMDAwMDAwMDAsInJlYWQiOjMwMDAwMDAwMDAwMCwidXBkYXRlIjoxODAwMDAwMDAwMDAwfX0=",
          "dependencies": [
            "azurerm_resource_group.main",
            "azurerm_virtual_network.main"
          ]
        }
      ]
    },
    {
      "mode": "managed",
      "type": "azurerm_subnet_network_security_group_association",
      "name": "main",
      "provider": "provider[\"registry.terraform.io/hashicorp/azurerm\"]",
      "instances": [
        {
          "schema_version": 0,
          "attributes": {
            "id": "/subscriptions/e73461ec-3e0a-4176-aa35-2c15145f69d1/resourceGroups/my-lb-group/providers/Microsoft.Network/virtualNetworks/main-vnet/subnets/main-subnet",
            "network_security_group_id": "/subscriptions/e73461ec-3e0a-4176-aa35-2c15145f69d1/resourceGroups/my-lb-group/providers/Microsoft.Network/networkSecurityGroups/main-nsg",
            "subnet_id": "/subscriptions/e73461ec-3e0a-4176-aa35-2c15145f69d1/resourceGroups/my-lb-group/providers/Microsoft.Network/virtualNetworks/main-vnet/subnets/main-subnet",
            "timeouts": null
          },
          "sensitive_attributes": [],
          "identity_schema_version": 0,
          "private": "eyJlMmJmYjczMC1lY2FhLTExZTYtOGY4OC0zNDM2M2JjN2M0YzAiOnsiY3JlYXRlIjoxODAwMDAwMDAwMDAwLCJkZWxldGUiOjE4MDAwMDAwMDAwMDAsInJlYWQiOjMwMDAwMDAwMDAwMH19",
          "dependencies": [
            "azurerm_network_security_group.main",
            "azurerm_resource_group.main",
            "azurerm_subnet.main",
            "azurerm_virtual_network.main"
          ]
        }
      ]
    },
    {
      "mode": "managed",
      "type": "azurerm_virtual_network",
      "name": "main",
      "provider": "provider[\"registry.terraform.io/hashicorp/azurerm\"]",
      "instances": [
        {
          "schema_version": 0,
          "attributes": {
            "address_space": [
              "192.168.0.0/16"
            ],
            "bgp_community": "",
            "ddos_protection_plan": [],
            "dns_servers": [],
            "edge_zone": "",
            "encryption": [],
            "flow_timeout_in_minutes": 0,
            "guid": "83366014-a523-4e59-9a5d-ef39dfa43d25",
            "id": "/subscriptions/e73461ec-3e0a-4176-aa35-2c15145f69d1/resourceGroups/my-lb-group/providers/Microsoft.Network/virtualNetworks/main-vnet",
            "location": "eastus",
            "name": "main-vnet",
            "resource_group_name": "my-lb-group",
            "subnet": [
              {
                "address_prefix": "192.168.1.0/24",
                "id": "/subscriptions/e73461ec-3e0a-4176-aa35-2c15145f69d1/resourceGroups/my-lb-group/providers/Microsoft.Network/virtualNetworks/main-vnet/subnets/main-subnet",
                "name": "main-subnet",
                "security_group": "/subscriptions/e73461ec-3e0a-4176-aa35-2c15145f69d1/resourceGroups/my-lb-group/providers/Microsoft.Network/networkSecurityGroups/main-nsg"
              }
            ],
            "tags": {},
            "timeouts": null
          },
          "sensitive_attributes": [],
          "identity_schema_version": 0,
          "private": "eyJlMmJmYjczMC1lY2FhLTExZTYtOGY4OC0zNDM2M2JjN2M0YzAiOnsiY3JlYXRlIjoxODAwMDAwMDAwMDAwLCJkZWxldGUiOjE4MDAwMDAwMDAwMDAsInJlYWQiOjMwMDAwMDAwMDAwMCwidXBkYXRlIjoxODAwMDAwMDAwMDAwfX0=",
          "dependencies": [
            "azurerm_resource_group.main"
          ]
        }
      ]
    }
  ],
  "check_results": null
}
